
Microsoft Visual Studio Solution File, Format Version 12.00
# Visual Studio Version 16
VisualStudioVersion = 16.0.30621.155
MinimumVisualStudioVersion = 10.0.40219.1
Project("{FAE04EC0-301F-11D3-BF4B-00C04F79EFBC}") = "task 1", "task 1\task 1.csproj", "{68147E3C-1D6F-4D88-82A9-93EF0153DBAC}"
EndProject
Global
	GlobalSection(SolutionConfigurationPlatforms) = preSolution
		Debug|Any CPU = Debug|Any CPU
		Release|Any CPU = Release|Any CPU
	EndGlobalSection
	GlobalSection(ProjectConfigurationPlatforms) = postSolution
		{68147E3C-1D6F-4D88-82A9-93EF0153DBAC}.Debug|Any CPU.ActiveCfg = Debug|Any CPU
		{68147E3C-1D6F-4D88-82A9-93EF0153DBAC}.Debug|Any CPU.Build.0 = Debug|Any CPU
		{68147E3C-1D6F-4D88-82A9-93EF0153DBAC}.Release|Any CPU.ActiveCfg = Release|Any CPU
		{68147E3C-1D6F-4D88-82A9-93EF0153DBAC}.Release|Any CPU.Build.0 = Release|Any CPU
	EndGlobalSection
	GlobalSection(SolutionProperties) = preSolution
		HideSolutionNode = FALSE
	EndGlobalSection
	GlobalSection(ExtensibilityGlobals) = postSolution
		SolutionGuid = {23D7999B-7073-4F8A-8844-AA23AD3759A6}
	EndGlobalSection
EndGlobal
